// !$*UTF8*$!
{
	archiveVersion = 1;
	classes = {
	};
	objectVersion = 51;
	objects = {

/* Begin PBXBuildFile section */
		2C58036925268EC6004D8FE4 /* LoginViewController.swift in Sources */ = {isa = PBXBuildFile; fileRef = 2C58036825268EC6004D8FE4 /* LoginViewController.swift */; };
		2C58036E25268ED4004D8FE4 /* FeedViewController.swift in Sources */ = {isa = PBXBuildFile; fileRef = 2C58036D25268ED4004D8FE4 /* FeedViewController.swift */; };
		2C5803762526987B004D8FE4 /* CameraViewController.swift in Sources */ = {isa = PBXBuildFile; fileRef = 2C5803752526987B004D8FE4 /* CameraViewController.swift */; };
		2C58037E2526C26E004D8FE4 /* PostCell.swift in Sources */ = {isa = PBXBuildFile; fileRef = 2C58037D2526C26E004D8FE4 /* PostCell.swift */; };
		2CDCE630252576EE0039A07B /* AppDelegate.swift in Sources */ = {isa = PBXBuildFile; fileRef = 2CDCE62F252576EE0039A07B /* AppDelegate.swift */; };
		2CDCE632252576EE0039A07B /* SceneDelegate.swift in Sources */ = {isa = PBXBuildFile; fileRef = 2CDCE631252576EE0039A07B /* SceneDelegate.swift */; };
		2CDCE637252576EE0039A07B /* Main.storyboard in Resources */ = {isa = PBXBuildFile; fileRef = 2CDCE635252576EE0039A07B /* Main.storyboard */; };
		2CDCE639252576EF0039A07B /* Assets.xcassets in Resources */ = {isa = PBXBuildFile; fileRef = 2CDCE638252576EF0039A07B /* Assets.xcassets */; };
		2CDCE63C252576EF0039A07B /* LaunchScreen.storyboard in Resources */ = {isa = PBXBuildFile; fileRef = 2CDCE63A252576EF0039A07B /* LaunchScreen.storyboard */; };
		2CDCE647252576EF0039A07B /* ParstagramTests.swift in Sources */ = {isa = PBXBuildFile; fileRef = 2CDCE646252576EF0039A07B /* ParstagramTests.swift */; };
		2CDCE652252576EF0039A07B /* ParstagramUITests.swift in Sources */ = {isa = PBXBuildFile; fileRef = 2CDCE651252576EF0039A07B /* ParstagramUITests.swift */; };
		6C3B7D79C35711687376E54C /* Pods_Parstagram.framework in Frameworks */ = {isa = PBXBuildFile; fileRef = 6C300B856556E41FDE879EC1 /* Pods_Parstagram.framework */; };
		8995F2472F9FE80D1A9DBFAB /* Pods_Parstagram_ParstagramUITests.framework in Frameworks */ = {isa = PBXBuildFile; fileRef = 4DE5967DFF286D5867827A0E /* Pods_Parstagram_ParstagramUITests.framework */; };
		AEAE69DDF5E35B8B13394496 /* Pods_ParstagramTests.framework in Frameworks */ = {isa = PBXBuildFile; fileRef = 929213913D58217CE1D8DBDF /* Pods_ParstagramTests.framework */; };
/* End PBXBuildFile section */

/* Begin PBXContainerItemProxy section */
		2CDCE643252576EF0039A07B /* PBXContainerItemProxy */ = {
			isa = PBXContainerItemProxy;
			containerPortal = 2CDCE624252576EE0039A07B /* Project object */;
			proxyType = 1;
			remoteGlobalIDString = 2CDCE62B252576EE0039A07B;
			remoteInfo = Parstagram;
		};
		2CDCE64E252576EF0039A07B /* PBXContainerItemProxy */ = {
			isa = PBXContainerItemProxy;
			containerPortal = 2CDCE624252576EE0039A07B /* Project object */;
			proxyType = 1;
			remoteGlobalIDString = 2CDCE62B252576EE0039A07B;
			remoteInfo = Parstagram;
		};
/* End PBXContainerItemProxy section */

/* Begin PBXFileReference section */
		072321062B8075D73AF000C4 /* Pods-Parstagram-ParstagramUITests.debug.xcconfig */ = {isa = PBXFileReference; includeInIndex = 1; lastKnownFileType = text.xcconfig; name = "Pods-Parstagram-ParstagramUITests.debug.xcconfig"; path = "Target Support Files/Pods-Parstagram-ParstagramUITests/Pods-Parstagram-ParstagramUITests.debug.xcconfig"; sourceTree = "<group>"; };
		09DDC4F85F940CDC6D3E0203 /* Pods-ParstagramTests.release.xcconfig */ = {isa = PBXFileReference; includeInIndex = 1; lastKnownFileType = text.xcconfig; name = "Pods-ParstagramTests.release.xcconfig"; path = "Target Support Files/Pods-ParstagramTests/Pods-ParstagramTests.release.xcconfig"; sourceTree = "<group>"; };
		2C58036825268EC6004D8FE4 /* LoginViewController.swift */ = {isa = PBXFileReference; lastKnownFileType = sourcecode.swift; path = LoginViewController.swift; sourceTree = "<group>"; };
		2C58036D25268ED4004D8FE4 /* FeedViewController.swift */ = {isa = PBXFileReference; lastKnownFileType = sourcecode.swift; path = FeedViewController.swift; sourceTree = "<group>"; };
		2C5803752526987B004D8FE4 /* CameraViewController.swift */ = {isa = PBXFileReference; lastKnownFileType = sourcecode.swift; path = CameraViewController.swift; sourceTree = "<group>"; };
		2C58037D2526C26E004D8FE4 /* PostCell.swift */ = {isa = PBXFileReference; lastKnownFileType = sourcecode.swift; path = PostCell.swift; sourceTree = "<group>"; };
		2CDCE62C252576EE0039A07B /* Parstagram.app */ = {isa = PBXFileReference; explicitFileType = wrapper.application; includeInIndex = 0; path = Parstagram.app; sourceTree = BUILT_PRODUCTS_DIR; };
		2CDCE62F252576EE0039A07B /* AppDelegate.swift */ = {isa = PBXFileReference; lastKnownFileType = sourcecode.swift; path = AppDelegate.swift; sourceTree = "<group>"; };
		2CDCE631252576EE0039A07B /* SceneDelegate.swift */ = {isa = PBXFileReference; lastKnownFileType = sourcecode.swift; path = SceneDelegate.swift; sourceTree = "<group>"; };
		2CDCE636252576EE0039A07B /* Base */ = {isa = PBXFileReference; lastKnownFileType = file.storyboard; name = Base; path = Base.lproj/Main.storyboard; sourceTree = "<group>"; };
		2CDCE638252576EF0039A07B /* Assets.xcassets */ = {isa = PBXFileReference; lastKnownFileType = folder.assetcatalog; path = Assets.xcassets; sourceTree = "<group>"; };
		2CDCE63B252576EF0039A07B /* Base */ = {isa = PBXFileReference; lastKnownFileType = file.storyboard; name = Base; path = Base.lproj/LaunchScreen.storyboard; sourceTree = "<group>"; };
		2CDCE63D252576EF0039A07B /* Info.plist */ = {isa = PBXFileReference; lastKnownFileType = text.plist.xml; path = Info.plist; sourceTree = "<group>"; };
		2CDCE642252576EF0039A07B /* ParstagramTests.xctest */ = {isa = PBXFileReference; explicitFileType = wrapper.cfbundle; includeInIndex = 0; path = ParstagramTests.xctest; sourceTree = BUILT_PRODUCTS_DIR; };
		2CDCE646252576EF0039A07B /* ParstagramTests.swift */ = {isa = PBXFileReference; lastKnownFileType = sourcecode.swift; path = ParstagramTests.swift; sourceTree = "<group>"; };
		2CDCE648252576EF0039A07B /* Info.plist */ = {isa = PBXFileReference; lastKnownFileType = text.plist.xml; path = Info.plist; sourceTree = "<group>"; };
		2CDCE64D252576EF0039A07B /* ParstagramUITests.xctest */ = {isa = PBXFileReference; explicitFileType = wrapper.cfbundle; includeInIndex = 0; path = ParstagramUITests.xctest; sourceTree = BUILT_PRODUCTS_DIR; };
		2CDCE651252576EF0039A07B /* ParstagramUITests.swift */ = {isa = PBXFileReference; lastKnownFileType = sourcecode.swift; path = ParstagramUITests.swift; sourceTree = "<group>"; };
		2CDCE653252576EF0039A07B /* Info.plist */ = {isa = PBXFileReference; lastKnownFileType = text.plist.xml; path = Info.plist; sourceTree = "<group>"; };
		3B6FCC0B46AADBBF5F8BF97D /* Pods-Parstagram-ParstagramUITests.release.xcconfig */ = {isa = PBXFileReference; includeInIndex = 1; lastKnownFileType = text.xcconfig; name = "Pods-Parstagram-ParstagramUITests.release.xcconfig"; path = "Target Support Files/Pods-Parstagram-ParstagramUITests/Pods-Parstagram-ParstagramUITests.release.xcconfig"; sourceTree = "<group>"; };
		4DE5967DFF286D5867827A0E /* Pods_Parstagram_ParstagramUITests.framework */ = {isa = PBXFileReference; explicitFileType = wrapper.framework; includeInIndex = 0; path = Pods_Parstagram_ParstagramUITests.framework; sourceTree = BUILT_PRODUCTS_DIR; };
		4FBA1AF0FA94C48882292152 /* Pods-Parstagram.release.xcconfig */ = {isa = PBXFileReference; includeInIndex = 1; lastKnownFileType = text.xcconfig; name = "Pods-Parstagram.release.xcconfig"; path = "Target Support Files/Pods-Parstagram/Pods-Parstagram.release.xcconfig"; sourceTree = "<group>"; };
		6C300B856556E41FDE879EC1 /* Pods_Parstagram.framework */ = {isa = PBXFileReference; explicitFileType = wrapper.framework; includeInIndex = 0; path = Pods_Parstagram.framework; sourceTree = BUILT_PRODUCTS_DIR; };
		6C92C212698875C77969BE10 /* Pods-ParstagramTests.debug.xcconfig */ = {isa = PBXFileReference; includeInIndex = 1; lastKnownFileType = text.xcconfig; name = "Pods-ParstagramTests.debug.xcconfig"; path = "Target Support Files/Pods-ParstagramTests/Pods-ParstagramTests.debug.xcconfig"; sourceTree = "<group>"; };
		929213913D58217CE1D8DBDF /* Pods_ParstagramTests.framework */ = {isa = PBXFileReference; explicitFileType = wrapper.framework; includeInIndex = 0; path = Pods_ParstagramTests.framework; sourceTree = BUILT_PRODUCTS_DIR; };
		D0BDE53BDF3474A9DB97EFD2 /* Pods-Parstagram.debug.xcconfig */ = {isa = PBXFileReference; includeInIndex = 1; lastKnownFileType = text.xcconfig; name = "Pods-Parstagram.debug.xcconfig"; path = "Target Support Files/Pods-Parstagram/Pods-Parstagram.debug.xcconfig"; sourceTree = "<group>"; };
/* End PBXFileReference section */

/* Begin PBXFrameworksBuildPhase section */
		2CDCE629252576EE0039A07B /* Frameworks */ = {
			isa = PBXFrameworksBuildPhase;
			buildActionMask = 2147483647;
			files = (
				6C3B7D79C35711687376E54C /* Pods_Parstagram.framework in Frameworks */,
			);
			runOnlyForDeploymentPostprocessing = 0;
		};
		2CDCE63F252576EF0039A07B /* Frameworks */ = {
			isa = PBXFrameworksBuildPhase;
			buildActionMask = 2147483647;
			files = (
				AEAE69DDF5E35B8B13394496 /* Pods_ParstagramTests.framework in Frameworks */,
			);
			runOnlyForDeploymentPostprocessing = 0;
		};
		2CDCE64A252576EF0039A07B /* Frameworks */ = {
			isa = PBXFrameworksBuildPhase;
			buildActionMask = 2147483647;
			files = (
				8995F2472F9FE80D1A9DBFAB /* Pods_Parstagram_ParstagramUITests.framework in Frameworks */,
			);
			runOnlyForDeploymentPostprocessing = 0;
		};
/* End PBXFrameworksBuildPhase section */

/* Begin PBXGroup section */
		2CDCE623252576EE0039A07B = {
			isa = PBXGroup;
			children = (
				2CDCE62E252576EE0039A07B /* Parstagram */,
				2CDCE645252576EF0039A07B /* ParstagramTests */,
				2CDCE650252576EF0039A07B /* ParstagramUITests */,
				2CDCE62D252576EE0039A07B /* Products */,
				532A16F786E74450E0E0872B /* Pods */,
				B1C5F6127B33C7D093848CC3 /* Frameworks */,
			);
			sourceTree = "<group>";
		};
		2CDCE62D252576EE0039A07B /* Products */ = {
			isa = PBXGroup;
			children = (
				2CDCE62C252576EE0039A07B /* Parstagram.app */,
				2CDCE642252576EF0039A07B /* ParstagramTests.xctest */,
				2CDCE64D252576EF0039A07B /* ParstagramUITests.xctest */,
			);
			name = Products;
			sourceTree = "<group>";
		};
		2CDCE62E252576EE0039A07B /* Parstagram */ = {
			isa = PBXGroup;
			children = (
				2CDCE62F252576EE0039A07B /* AppDelegate.swift */,
				2CDCE631252576EE0039A07B /* SceneDelegate.swift */,
				2C58036825268EC6004D8FE4 /* LoginViewController.swift */,
				2C58036D25268ED4004D8FE4 /* FeedViewController.swift */,
				2C5803752526987B004D8FE4 /* CameraViewController.swift */,
				2C58037D2526C26E004D8FE4 /* PostCell.swift */,
				2CDCE635252576EE0039A07B /* Main.storyboard */,
				2CDCE63A252576EF0039A07B /* LaunchScreen.storyboard */,
				2CDCE638252576EF0039A07B /* Assets.xcassets */,
				2CDCE63D252576EF0039A07B /* Info.plist */,
			);
			path = Parstagram;
			sourceTree = "<group>";
		};
		2CDCE645252576EF0039A07B /* ParstagramTests */ = {
			isa = PBXGroup;
			children = (
				2CDCE646252576EF0039A07B /* ParstagramTests.swift */,
				2CDCE648252576EF0039A07B /* Info.plist */,
			);
			path = ParstagramTests;
			sourceTree = "<group>";
		};
		2CDCE650252576EF0039A07B /* ParstagramUITests */ = {
			isa = PBXGroup;
			children = (
				2CDCE651252576EF0039A07B /* ParstagramUITests.swift */,
				2CDCE653252576EF0039A07B /* Info.plist */,
			);
			path = ParstagramUITests;
			sourceTree = "<group>";
		};
		532A16F786E74450E0E0872B /* Pods */ = {
			isa = PBXGroup;
			children = (
				D0BDE53BDF3474A9DB97EFD2 /* Pods-Parstagram.debug.xcconfig */,
				4FBA1AF0FA94C48882292152 /* Pods-Parstagram.release.xcconfig */,
				072321062B8075D73AF000C4 /* Pods-Parstagram-ParstagramUITests.debug.xcconfig */,
				3B6FCC0B46AADBBF5F8BF97D /* Pods-Parstagram-ParstagramUITests.release.xcconfig */,
				6C92C212698875C77969BE10 /* Pods-ParstagramTests.debug.xcconfig */,
				09DDC4F85F940CDC6D3E0203 /* Pods-ParstagramTests.release.xcconfig */,
			);
			path = Pods;
			sourceTree = "<group>";
		};
		B1C5F6127B33C7D093848CC3 /* Frameworks */ = {
			isa = PBXGroup;
			children = (
				6C300B856556E41FDE879EC1 /* Pods_Parstagram.framework */,
				4DE5967DFF286D5867827A0E /* Pods_Parstagram_ParstagramUITests.framework */,
				929213913D58217CE1D8DBDF /* Pods_ParstagramTests.framework */,
			);
			name = Frameworks;
			sourceTree = "<group>";
		};
/* End PBXGroup section */

/* Begin PBXNativeTarget section */
		2CDCE62B252576EE0039A07B /* Parstagram */ = {
			isa = PBXNativeTarget;
			buildConfigurationList = 2CDCE656252576EF0039A07B /* Build configuration list for PBXNativeTarget "Parstagram" */;
			buildPhases = (
				7DBF97836AA52A53CFAE29F8 /* [CP] Check Pods Manifest.lock */,
				2CDCE628252576EE0039A07B /* Sources */,
				2CDCE629252576EE0039A07B /* Frameworks */,
				2CDCE62A252576EE0039A07B /* Resources */,
				7F148D693FBEBC9D0CB617A8 /* [CP] Embed Pods Frameworks */,
			);
			buildRules = (
			);
			dependencies = (
			);
			name = Parstagram;
			productName = Parstagram;
			productReference = 2CDCE62C252576EE0039A07B /* Parstagram.app */;
			productType = "com.apple.product-type.application";
		};
		2CDCE641252576EF0039A07B /* ParstagramTests */ = {
			isa = PBXNativeTarget;
			buildConfigurationList = 2CDCE659252576EF0039A07B /* Build configuration list for PBXNativeTarget "ParstagramTests" */;
			buildPhases = (
				D64E8A83A45929B45DACBBF7 /* [CP] Check Pods Manifest.lock */,
				2CDCE63E252576EF0039A07B /* Sources */,
				2CDCE63F252576EF0039A07B /* Frameworks */,
				2CDCE640252576EF0039A07B /* Resources */,
			);
			buildRules = (
			);
			dependencies = (
				2CDCE644252576EF0039A07B /* PBXTargetDependency */,
			);
			name = ParstagramTests;
			productName = ParstagramTests;
			productReference = 2CDCE642252576EF0039A07B /* ParstagramTests.xctest */;
			productType = "com.apple.product-type.bundle.unit-test";
		};
		2CDCE64C252576EF0039A07B /* ParstagramUITests */ = {
			isa = PBXNativeTarget;
			buildConfigurationList = 2CDCE65C252576EF0039A07B /* Build configuration list for PBXNativeTarget "ParstagramUITests" */;
			buildPhases = (
				943AF53EE94418063C1DB887 /* [CP] Check Pods Manifest.lock */,
				2CDCE649252576EF0039A07B /* Sources */,
				2CDCE64A252576EF0039A07B /* Frameworks */,
				2CDCE64B252576EF0039A07B /* Resources */,
				CA6609209B3014715029CAA2 /* [CP] Embed Pods Frameworks */,
			);
			buildRules = (
			);
			dependencies = (
				2CDCE64F252576EF0039A07B /* PBXTargetDependency */,
			);
			name = ParstagramUITests;
			productName = ParstagramUITests;
			productReference = 2CDCE64D252576EF0039A07B /* ParstagramUITests.xctest */;
			productType = "com.apple.product-type.bundle.ui-testing";
		};
/* End PBXNativeTarget section */

/* Begin PBXProject section */
		2CDCE624252576EE0039A07B /* Project object */ = {
			isa = PBXProject;
			attributes = {
				LastSwiftUpdateCheck = 1200;
				LastUpgradeCheck = 1200;
				TargetAttributes = {
					2CDCE62B252576EE0039A07B = {
						CreatedOnToolsVersion = 12.0.1;
					};
					2CDCE641252576EF0039A07B = {
						CreatedOnToolsVersion = 12.0.1;
						TestTargetID = 2CDCE62B252576EE0039A07B;
					};
					2CDCE64C252576EF0039A07B = {
						CreatedOnToolsVersion = 12.0.1;
						TestTargetID = 2CDCE62B252576EE0039A07B;
					};
				};
			};
			buildConfigurationList = 2CDCE627252576EE0039A07B /* Build configuration list for PBXProject "Parstagram" */;
			compatibilityVersion = "Xcode 9.3";
			developmentRegion = en;
			hasScannedForEncodings = 0;
			knownRegions = (
				en,
				Base,
			);
			mainGroup = 2CDCE623252576EE0039A07B;
			productRefGroup = 2CDCE62D252576EE0039A07B /* Products */;
			projectDirPath = "";
			projectRoot = "";
			targets = (
				2CDCE62B252576EE0039A07B /* Parstagram */,
				2CDCE641252576EF0039A07B /* ParstagramTests */,
				2CDCE64C252576EF0039A07B /* ParstagramUITests */,
			);
		};
/* End PBXProject section */

/* Begin PBXResourcesBuildPhase section */
		2CDCE62A252576EE0039A07B /* Resources */ = {
			isa = PBXResourcesBuildPhase;
			buildActionMask = 2147483647;
			files = (
				2CDCE63C252576EF0039A07B /* LaunchScreen.storyboard in Resources */,
				2CDCE639252576EF0039A07B /* Assets.xcassets in Resources */,
				2CDCE637252576EE0039A07B /* Main.storyboard in Resources */,
			);
			runOnlyForDeploymentPostprocessing = 0;
		};
		2CDCE640252576EF0039A07B /* Resources */ = {
			isa = PBXResourcesBuildPhase;
			buildActionMask = 2147483647;
			files = (
			);
			runOnlyForDeploymentPostprocessing = 0;
		};
		2CDCE64B252576EF0039A07B /* Resources */ = {
			isa = PBXResourcesBuildPhase;
			buildActionMask = 2147483647;
			files = (
			);
			runOnlyForDeploymentPostprocessing = 0;
		};
/* End PBXResourcesBuildPhase section */

/* Begin PBXShellScriptBuildPhase section */
		7DBF97836AA52A53CFAE29F8 /* [CP] Check Pods Manifest.lock */ = {
			isa = PBXShellScriptBuildPhase;
			buildActionMask = 2147483647;
			files = (
			);
			inputFileListPaths = (
			);
			inputPaths = (
				"${PODS_PODFILE_DIR_PATH}/Podfile.lock",
				"${PODS_ROOT}/Manifest.lock",
			);
			name = "[CP] Check Pods Manifest.lock";
			outputFileListPaths = (
			);
			outputPaths = (
				"$(DERIVED_FILE_DIR)/Pods-Parstagram-checkManifestLockResult.txt",
			);
			runOnlyForDeploymentPostprocessing = 0;
			shellPath = /bin/sh;
			shellScript = "diff \"${PODS_PODFILE_DIR_PATH}/Podfile.lock\" \"${PODS_ROOT}/Manifest.lock\" > /dev/null\nif [ $? != 0 ] ; then\n    # print error to STDERR\n    echo \"error: The sandbox is not in sync with the Podfile.lock. Run 'pod install' or update your CocoaPods installation.\" >&2\n    exit 1\nfi\n# This output is used by Xcode 'outputs' to avoid re-running this script phase.\necho \"SUCCESS\" > \"${SCRIPT_OUTPUT_FILE_0}\"\n";
			showEnvVarsInLog = 0;
		};
		7F148D693FBEBC9D0CB617A8 /* [CP] Embed Pods Frameworks */ = {
			isa = PBXShellScriptBuildPhase;
			buildActionMask = 2147483647;
			files = (
			);
			inputFileListPaths = (
				"${PODS_ROOT}/Target Support Files/Pods-Parstagram/Pods-Parstagram-frameworks-${CONFIGURATION}-input-files.xcfilelist",
			);
			name = "[CP] Embed Pods Frameworks";
			outputFileListPaths = (
				"${PODS_ROOT}/Target Support Files/Pods-Parstagram/Pods-Parstagram-frameworks-${CONFIGURATION}-output-files.xcfilelist",
			);
			runOnlyForDeploymentPostprocessing = 0;
			shellPath = /bin/sh;
			shellScript = "\"${PODS_ROOT}/Target Support Files/Pods-Parstagram/Pods-Parstagram-frameworks.sh\"\n";
			showEnvVarsInLog = 0;
		};
		943AF53EE94418063C1DB887 /* [CP] Check Pods Manifest.lock */ = {
			isa = PBXShellScriptBuildPhase;
			buildActionMask = 2147483647;
			files = (
			);
			inputFileListPaths = (
			);
			inputPaths = (
				"${PODS_PODFILE_DIR_PATH}/Podfile.lock",
				"${PODS_ROOT}/Manifest.lock",
			);
			name = "[CP] Check Pods Manifest.lock";
			outputFileListPaths = (
			);
			outputPaths = (
				"$(DERIVED_FILE_DIR)/Pods-Parstagram-ParstagramUITests-checkManifestLockResult.txt",
			);
			runOnlyForDeploymentPostprocessing = 0;
			shellPath = /bin/sh;
			shellScript = "diff \"${PODS_PODFILE_DIR_PATH}/Podfile.lock\" \"${PODS_ROOT}/Manifest.lock\" > /dev/null\nif [ $? != 0 ] ; then\n    # print error to STDERR\n    echo \"error: The sandbox is not in sync with the Podfile.lock. Run 'pod install' or update your CocoaPods installation.\" >&2\n    exit 1\nfi\n# This output is used by Xcode 'outputs' to avoid re-running this script phase.\necho \"SUCCESS\" > \"${SCRIPT_OUTPUT_FILE_0}\"\n";
			showEnvVarsInLog = 0;
		};
		CA6609209B3014715029CAA2 /* [CP] Embed Pods Frameworks */ = {
			isa = PBXShellScriptBuildPhase;
			buildActionMask = 2147483647;
			files = (
			);
			inputFileListPaths = (
				"${PODS_ROOT}/Target Support Files/Pods-Parstagram-ParstagramUITests/Pods-Parstagram-ParstagramUITests-frameworks-${CONFIGURATION}-input-files.xcfilelist",
			);
			name = "[CP] Embed Pods Frameworks";
			outputFileListPaths = (
				"${PODS_ROOT}/Target Support Files/Pods-Parstagram-ParstagramUITests/Pods-Parstagram-ParstagramUITests-frameworks-${CONFIGURATION}-output-files.xcfilelist",
			);
			runOnlyForDeploymentPostprocessing = 0;
			shellPath = /bin/sh;
			shellScript = "\"${PODS_ROOT}/Target Support Files/Pods-Parstagram-ParstagramUITests/Pods-Parstagram-ParstagramUITests-frameworks.sh\"\n";
			showEnvVarsInLog = 0;
		};
		D64E8A83A45929B45DACBBF7 /* [CP] Check Pods Manifest.lock */ = {
			isa = PBXShellScriptBuildPhase;
			buildActionMask = 2147483647;
			files = (
			);
			inputFileListPaths = (
			);
			inputPaths = (
				"${PODS_PODFILE_DIR_PATH}/Podfile.lock",
				"${PODS_ROOT}/Manifest.lock",
			);
			name = "[CP] Check Pods Manifest.lock";
			outputFileListPaths = (
			);
			outputPaths = (
				"$(DERIVED_FILE_DIR)/Pods-ParstagramTests-checkManifestLockResult.txt",
			);
			runOnlyForDeploymentPostprocessing = 0;
			shellPath = /bin/sh;
			shellScript = "diff \"${PODS_PODFILE_DIR_PATH}/Podfile.lock\" \"${PODS_ROOT}/Manifest.lock\" > /dev/null\nif [ $? != 0 ] ; then\n    # print error to STDERR\n    echo \"error: The sandbox is not in sync with the Podfile.lock. Run 'pod install' or update your CocoaPods installation.\" >&2\n    exit 1\nfi\n# This output is used by Xcode 'outputs' to avoid re-running this script phase.\necho \"SUCCESS\" > \"${SCRIPT_OUTPUT_FILE_0}\"\n";
			showEnvVarsInLog = 0;
		};
/* End PBXShellScriptBuildPhase section */

/* Begin PBXSourcesBuildPhase section */
		2CDCE628252576EE0039A07B /* Sources */ = {
			isa = PBXSourcesBuildPhase;
			buildActionMask = 2147483647;
			files = (
				2C58036925268EC6004D8FE4 /* LoginViewController.swift in Sources */,
				2C5803762526987B004D8FE4 /* CameraViewController.swift in Sources */,
				2CDCE630252576EE0039A07B /* AppDelegate.swift in Sources */,
				2C58036E25268ED4004D8FE4 /* FeedViewController.swift in Sources */,
				2CDCE632252576EE0039A07B /* SceneDelegate.swift in Sources */,
				2C58037E2526C26E004D8FE4 /* PostCell.swift in Sources */,
			);
			runOnlyForDeploymentPostprocessing = 0;
		};
		2CDCE63E252576EF0039A07B /* Sources */ = {
			isa = PBXSourcesBuildPhase;
			buildActionMask = 2147483647;
			files = (
				2CDCE647252576EF0039A07B /* ParstagramTests.swift in Sources */,
			);
			runOnlyForDeploymentPostprocessing = 0;
		};
		2CDCE649252576EF0039A07B /* Sources */ = {
			isa = PBXSourcesBuildPhase;
			buildActionMask = 2147483647;
			files = (
				2CDCE652252576EF0039A07B /* ParstagramUITests.swift in Sources */,
			);
			runOnlyForDeploymentPostprocessing = 0;
		};
/* End PBXSourcesBuildPhase section */

/* Begin PBXTargetDependency section */
		2CDCE644252576EF0039A07B /* PBXTargetDependency */ = {
			isa = PBXTargetDependency;
			target = 2CDCE62B252576EE0039A07B /* Parstagram */;
			targetProxy = 2CDCE643252576EF0039A07B /* PBXContainerItemProxy */;
		};
		2CDCE64F252576EF0039A07B /* PBXTargetDependency */ = {
			isa = PBXTargetDependency;
			target = 2CDCE62B252576EE0039A07B /* Parstagram */;
			targetProxy = 2CDCE64E252576EF0039A07B /* PBXContainerItemProxy */;
		};
/* End PBXTargetDependency section */

/* Begin PBXVariantGroup section */
		2CDCE635252576EE0039A07B /* Main.storyboard */ = {
			isa = PBXVariantGroup;
			children = (
				2CDCE636252576EE0039A07B /* Base */,
			);
			name = Main.storyboard;
			sourceTree = "<group>";
		};
		2CDCE63A252576EF0039A07B /* LaunchScreen.storyboard */ = {
			isa = PBXVariantGroup;
			children = (
				2CDCE63B252576EF0039A07B /* Base */,
			);
			name = LaunchScreen.storyboard;
			sourceTree = "<group>";
		};
/* End PBXVariantGroup section */

/* Begin XCBuildConfiguration section */
		2CDCE654252576EF0039A07B /* Debug */ = {
			isa = XCBuildConfiguration;
			buildSettings = {
				ALWAYS_SEARCH_USER_PATHS = NO;
				CLANG_ANALYZER_NONNULL = YES;
				CLANG_ANALYZER_NUMBER_OBJECT_CONVERSION = YES_AGGRESSIVE;
				CLANG_CXX_LANGUAGE_STANDARD = "gnu++14";
				CLANG_CXX_LIBRARY = "libc++";
				CLANG_ENABLE_MODULES = YES;
				CLANG_ENABLE_OBJC_ARC = YES;
				CLANG_ENABLE_OBJC_WEAK = YES;
				CLANG_WARN_BLOCK_CAPTURE_AUTORELEASING = YES;
				CLANG_WARN_BOOL_CONVERSION = YES;
				CLANG_WARN_COMMA = YES;
				CLANG_WARN_CONSTANT_CONVERSION = YES;
				CLANG_WARN_DEPRECATED_OBJC_IMPLEMENTATIONS = YES;
				CLANG_WARN_DIRECT_OBJC_ISA_USAGE = YES_ERROR;
				CLANG_WARN_DOCUMENTATION_COMMENTS = YES;
				CLANG_WARN_EMPTY_BODY = YES;
				CLANG_WARN_ENUM_CONVERSION = YES;
				CLANG_WARN_INFINITE_RECURSION = YES;
				CLANG_WARN_INT_CONVERSION = YES;
				CLANG_WARN_NON_LITERAL_NULL_CONVERSION = YES;
				CLANG_WARN_OBJC_IMPLICIT_RETAIN_SELF = YES;
				CLANG_WARN_OBJC_LITERAL_CONVERSION = YES;
				CLANG_WARN_OBJC_ROOT_CLASS = YES_ERROR;
				CLANG_WARN_QUOTED_INCLUDE_IN_FRAMEWORK_HEADER = YES;
				CLANG_WARN_RANGE_LOOP_ANALYSIS = YES;
				CLANG_WARN_STRICT_PROTOTYPES = YES;
				CLANG_WARN_SUSPICIOUS_MOVE = YES;
				CLANG_WARN_UNGUARDED_AVAILABILITY = YES_AGGRESSIVE;
				CLANG_WARN_UNREACHABLE_CODE = YES;
				CLANG_WARN__DUPLICATE_METHOD_MATCH = YES;
				COPY_PHASE_STRIP = NO;
				DEBUG_INFORMATION_FORMAT = dwarf;
				ENABLE_STRICT_OBJC_MSGSEND = YES;
				ENABLE_TESTABILITY = YES;
				GCC_C_LANGUAGE_STANDARD = gnu11;
				GCC_DYNAMIC_NO_PIC = NO;
				GCC_NO_COMMON_BLOCKS = YES;
				GCC_OPTIMIZATION_LEVEL = 0;
				GCC_PREPROCESSOR_DEFINITIONS = (
					"DEBUG=1",
					"$(inherited)",
				);
				GCC_WARN_64_TO_32_BIT_CONVERSION = YES;
				GCC_WARN_ABOUT_RETURN_TYPE = YES_ERROR;
				GCC_WARN_UNDECLARED_SELECTOR = YES;
				GCC_WARN_UNINITIALIZED_AUTOS = YES_AGGRESSIVE;
				GCC_WARN_UNUSED_FUNCTION = YES;
				GCC_WARN_UNUSED_VARIABLE = YES;
				IPHONEOS_DEPLOYMENT_TARGET = 14.0;
				MTL_ENABLE_DEBUG_INFO = INCLUDE_SOURCE;
				MTL_FAST_MATH = YES;
				ONLY_ACTIVE_ARCH = YES;
				SDKROOT = iphoneos;
				SWIFT_ACTIVE_COMPILATION_CONDITIONS = DEBUG;
				SWIFT_OPTIMIZATION_LEVEL = "-Onone";
			};
			name = Debug;
		};
		2CDCE655252576EF0039A07B /* Release */ = {
			isa = XCBuildConfiguration;
			buildSettings = {
				ALWAYS_SEARCH_USER_PATHS = NO;
				CLANG_ANALYZER_NONNULL = YES;
				CLANG_ANALYZER_NUMBER_OBJECT_CONVERSION = YES_AGGRESSIVE;
				CLANG_CXX_LANGUAGE_STANDARD = "gnu++14";
				CLANG_CXX_LIBRARY = "libc++";
				CLANG_ENABLE_MODULES = YES;
				CLANG_ENABLE_OBJC_ARC = YES;
				CLANG_ENABLE_OBJC_WEAK = YES;
				CLANG_WARN_BLOCK_CAPTURE_AUTORELEASING = YES;
				CLANG_WARN_BOOL_CONVERSION = YES;
				CLANG_WARN_COMMA = YES;
				CLANG_WARN_CONSTANT_CONVERSION = YES;
				CLANG_WARN_DEPRECATED_OBJC_IMPLEMENTATIONS = YES;
				CLANG_WARN_DIRECT_OBJC_ISA_USAGE = YES_ERROR;
				CLANG_WARN_DOCUMENTATION_COMMENTS = YES;
				CLANG_WARN_EMPTY_BODY = YES;
				CLANG_WARN_ENUM_CONVERSION = YES;
				CLANG_WARN_INFINITE_RECURSION = YES;
				CLANG_WARN_INT_CONVERSION = YES;
				CLANG_WARN_NON_LITERAL_NULL_CONVERSION = YES;
				CLANG_WARN_OBJC_IMPLICIT_RETAIN_SELF = YES;
				CLANG_WARN_OBJC_LITERAL_CONVERSION = YES;
				CLANG_WARN_OBJC_ROOT_CLASS = YES_ERROR;
				CLANG_WARN_QUOTED_INCLUDE_IN_FRAMEWORK_HEADER = YES;
				CLANG_WARN_RANGE_LOOP_ANALYSIS = YES;
				CLANG_WARN_STRICT_PROTOTYPES = YES;
				CLANG_WARN_SUSPICIOUS_MOVE = YES;
				CLANG_WARN_UNGUARDED_AVAILABILITY = YES_AGGRESSIVE;
				CLANG_WARN_UNREACHABLE_CODE = YES;
				CLANG_WARN__DUPLICATE_METHOD_MATCH = YES;
				COPY_PHASE_STRIP = NO;
				DEBUG_INFORMATION_FORMAT = "dwarf-with-dsym";
				ENABLE_NS_ASSERTIONS = NO;
				ENABLE_STRICT_OBJC_MSGSEND = YES;
				GCC_C_LANGUAGE_STANDARD = gnu11;
				GCC_NO_COMMON_BLOCKS = YES;
				GCC_WARN_64_TO_32_BIT_CONVERSION = YES;
				GCC_WARN_ABOUT_RETURN_TYPE = YES_ERROR;
				GCC_WARN_UNDECLARED_SELECTOR = YES;
				GCC_WARN_UNINITIALIZED_AUTOS = YES_AGGRESSIVE;
				GCC_WARN_UNUSED_FUNCTION = YES;
				GCC_WARN_UNUSED_VARIABLE = YES;
				IPHONEOS_DEPLOYMENT_TARGET = 14.0;
				MTL_ENABLE_DEBUG_INFO = NO;
				MTL_FAST_MATH = YES;
				SDKROOT = iphoneos;
				SWIFT_COMPILATION_MODE = wholemodule;
				SWIFT_OPTIMIZATION_LEVEL = "-O";
				VALIDATE_PRODUCT = YES;
			};
			name = Release;
		};
		2CDCE657252576EF0039A07B /* Debug */ = {
			isa = XCBuildConfiguration;
			baseConfigurationReference = D0BDE53BDF3474A9DB97EFD2 /* Pods-Parstagram.debug.xcconfig */;
			buildSettings = {
				ASSETCATALOG_COMPILER_APPICON_NAME = AppIcon;
				ASSETCATALOG_COMPILER_GLOBAL_ACCENT_COLOR_NAME = AccentColor;
				CODE_SIGN_STYLE = Automatic;
				INFOPLIST_FILE = Parstagram/Info.plist;
				LD_RUNPATH_SEARCH_PATHS = (
					"$(inherited)",
					"@executable_path/Frameworks",
				);
				PRODUCT_BUNDLE_IDENTIFIER = codepath.Parstagram;
				PRODUCT_NAME = "$(TARGET_NAME)";
				SWIFT_VERSION = 5.0;
				TARGETED_DEVICE_FAMILY = "1,2";
			};
			name = Debug;
		};
		2CDCE658252576EF0039A07B /* Release */ = {
			isa = XCBuildConfiguration;
			baseConfigurationReference = 4FBA1AF0FA94C48882292152 /* Pods-Parstagram.release.xcconfig */;
			buildSettings = {
				ASSETCATALOG_COMPILER_APPICON_NAME = AppIcon;
				ASSETCATALOG_COMPILER_GLOBAL_ACCENT_COLOR_NAME = AccentColor;
				CODE_SIGN_STYLE = Automatic;
				INFOPLIST_FILE = Parstagram/Info.plist;
				LD_RUNPATH_SEARCH_PATHS = (
					"$(inherited)",
					"@executable_path/Frameworks",
				);
				PRODUCT_BUNDLE_IDENTIFIER = codepath.Parstagram;
				PRODUCT_NAME = "$(TARGET_NAME)";
				SWIFT_VERSION = 5.0;
				TARGETED_DEVICE_FAMILY = "1,2";
			};
			name = Release;
		};
		2CDCE65A252576EF0039A07B /* Debug */ = {
			isa = XCBuildConfiguration;
			baseConfigurationReference = 6C92C212698875C77969BE10 /* Pods-ParstagramTests.debug.xcconfig */;
			buildSettings = {
				ALWAYS_EMBED_SWIFT_STANDARD_LIBRARIES = YES;
				BUNDLE_LOADER = "$(TEST_HOST)";
				CODE_SIGN_STYLE = Automatic;
				INFOPLIST_FILE = ParstagramTests/Info.plist;
				IPHONEOS_DEPLOYMENT_TARGET = 14.0;
				LD_RUNPATH_SEARCH_PATHS = (
					"$(inherited)",
					"@executable_path/Frameworks",
					"@loader_path/Frameworks",
				);
				PRODUCT_BUNDLE_IDENTIFIER = codepath.ParstagramTests;
				PRODUCT_NAME = "$(TARGET_NAME)";
				SWIFT_VERSION = 5.0;
				TARGETED_DEVICE_FAMILY = "1,2";
				TEST_HOST = "$(BUILT_PRODUCTS_DIR)/Parstagram.app/Parstagram";
			};
			name = Debug;
		};
		2CDCE65B252576EF0039A07B /* Release */ = {
			isa = XCBuildConfiguration;
			baseConfigurationReference = 09DDC4F85F940CDC6D3E0203 /* Pods-ParstagramTests.release.xcconfig */;
			buildSettings = {
				ALWAYS_EMBED_SWIFT_STANDARD_LIBRARIES = YES;
				BUNDLE_LOADER = "$(TEST_HOST)";
				CODE_SIGN_STYLE = Automatic;
				INFOPLIST_FILE = ParstagramTests/Info.plist;
				IPHONEOS_DEPLOYMENT_TARGET = 14.0;
				LD_RUNPATH_SEARCH_PATHS = (
					"$(inherited)",
					"@executable_path/Frameworks",
					"@loader_path/Frameworks",
				);
				PRODUCT_BUNDLE_IDENTIFIER = codepath.ParstagramTests;
				PRODUCT_NAME = "$(TARGET_NAME)";
				SWIFT_VERSION = 5.0;
				TARGETED_DEVICE_FAMILY = "1,2";
				TEST_HOST = "$(BUILT_PRODUCTS_DIR)/Parstagram.app/Parstagram";
			};
			name = Release;
		};
		2CDCE65D252576EF0039A07B /* Debug */ = {
			isa = XCBuildConfiguration;
			baseConfigurationReference = 072321062B8075D73AF000C4 /* Pods-Parstagram-ParstagramUITests.debug.xcconfig */;
			buildSettings = {
				ALWAYS_EMBED_SWIFT_STANDARD_LIBRARIES = YES;
				CODE_SIGN_STYLE = Automatic;
				INFOPLIST_FILE = ParstagramUITests/Info.plist;
				LD_RUNPATH_SEARCH_PATHS = (
					"$(inherited)",
					"@executable_path/Frameworks",
					"@loader_path/Frameworks",
				);
				PRODUCT_BUNDLE_IDENTIFIER = codepath.ParstagramUITests;
				PRODUCT_NAME = "$(TARGET_NAME)";
				SWIFT_VERSION = 5.0;
				TARGETED_DEVICE_FAMILY = "1,2";
				TEST_TARGET_NAME = Parstagram;
			};
			name = Debug;
		};
		2CDCE65E252576EF0039A07B /* Release */ = {
			isa = XCBuildConfiguration;
			baseConfigurationReference = 3B6FCC0B46AADBBF5F8BF97D /* Pods-Parstagram-ParstagramUITests.release.xcconfig */;
			buildSettings = {
				ALWAYS_EMBED_SWIFT_STANDARD_LIBRARIES = YES;
				CODE_SIGN_STYLE = Automatic;
				INFOPLIST_FILE = ParstagramUITests/Info.plist;
				LD_RUNPATH_SEARCH_PATHS = (
					"$(inherited)",
					"@executable_path/Frameworks",
					"@loader_path/Frameworks",
				);
				PRODUCT_BUNDLE_IDENTIFIER = codepath.ParstagramUITests;
				PRODUCT_NAME = "$(TARGET_NAME)";
				SWIFT_VERSION = 5.0;
				TARGETED_DEVICE_FAMILY = "1,2";
				TEST_TARGET_NAME = Parstagram;
			};
			name = Release;
		};
/* End XCBuildConfiguration section */

/* Begin XCConfigurationList section */
		2CDCE627252576EE0039A07B /* Build configuration list for PBXProject "Parstagram" */ = {
			isa = XCConfigurationList;
			buildConfigurations = (
				2CDCE654252576EF0039A07B /* Debug */,
				2CDCE655252576EF0039A07B /* Release */,
			);
			defaultConfigurationIsVisible = 0;
			defaultConfigurationName = Release;
		};
		2CDCE656252576EF0039A07B /* Build configuration list for PBXNativeTarget "Parstagram" */ = {
			isa = XCConfigurationList;
			buildConfigurations = (
				2CDCE657252576EF0039A07B /* Debug */,
				2CDCE658252576EF0039A07B /* Release */,
			);
			defaultConfigurationIsVisible = 0;
			defaultConfigurationName = Release;
		};
		2CDCE659252576EF0039A07B /* Build configuration list for PBXNativeTarget "ParstagramTests" */ = {
			isa = XCConfigurationList;
			buildConfigurations = (
				2CDCE65A252576EF0039A07B /* Debug */,
				2CDCE65B252576EF0039A07B /* Release */,
			);
			defaultConfigurationIsVisible = 0;
			defaultConfigurationName = Release;
		};
		2CDCE65C252576EF0039A07B /* Build configuration list for PBXNativeTarget "ParstagramUITests" */ = {
			isa = XCConfigurationList;
			buildConfigurations = (
				2CDCE65D252576EF0039A07B /* Debug */,
				2CDCE65E252576EF0039A07B /* Release */,
			);
			defaultConfigurationIsVisible = 0;
			defaultConfigurationName = Release;
		};
/* End XCConfigurationList section */
	};
	rootObject = 2CDCE624252576EE0039A07B /* Project object */;
}
